
Microsoft Visual Studio Solution File, Format Version 12.00
# Visual Studio Version 17
VisualStudioVersion = 17.4.33403.182
MinimumVisualStudioVersion = 10.0.40219.1
Project("{FAE04EC0-301F-11D3-BF4B-00C04F79EFBC}") = "agilpay_xamarin_sdk_sample.Android", "agilpay_xamarin_sdk_sample\agilpay_xamarin_sdk_sample.Android\agilpay_xamarin_sdk_sample.Android.csproj", "{05283C7A-1A22-4E09-9D62-E382089E4BD8}"
EndProject
Project("{FAE04EC0-301F-11D3-BF4B-00C04F79EFBC}") = "agilpay_xamarin_sdk_sample.iOS", "agilpay_xamarin_sdk_sample\agilpay_xamarin_sdk_sample.iOS\agilpay_xamarin_sdk_sample.iOS.csproj", "{CF26E4B2-60F1-4A06-9168-49CC6B2BA273}"
EndProject
Project("{9A19103F-16F7-4668-BE54-9A1E7A4F7556}") = "agilpay_xamarin_sdk_sample", "agilpay_xamarin_sdk_sample\agilpay_xamarin_sdk_sample\agilpay_xamarin_sdk_sample.csproj", "{61C03159-F55F-4456-81A1-E342D99B9AA6}"
EndProject
Global
	GlobalSection(SolutionConfigurationPlatforms) = preSolution
		Debug|Any CPU = Debug|Any CPU
		Debug|iPhone = Debug|iPhone
		Debug|iPhoneSimulator = Debug|iPhoneSimulator
		Release|Any CPU = Release|Any CPU
		Release|iPhone = Release|iPhone
		Release|iPhoneSimulator = Release|iPhoneSimulator
	EndGlobalSection
	GlobalSection(ProjectConfigurationPlatforms) = postSolution
		{05283C7A-1A22-4E09-9D62-E382089E4BD8}.Debug|Any CPU.ActiveCfg = Debug|Any CPU
		{05283C7A-1A22-4E09-9D62-E382089E4BD8}.Debug|Any CPU.Build.0 = Debug|Any CPU
		{05283C7A-1A22-4E09-9D62-E382089E4BD8}.Debug|Any CPU.Deploy.0 = Debug|Any CPU
		{05283C7A-1A22-4E09-9D62-E382089E4BD8}.Debug|iPhone.ActiveCfg = Debug|Any CPU
		{05283C7A-1A22-4E09-9D62-E382089E4BD8}.Debug|iPhone.Build.0 = Debug|Any CPU
		{05283C7A-1A22-4E09-9D62-E382089E4BD8}.Debug|iPhone.Deploy.0 = Debug|Any CPU
		{05283C7A-1A22-4E09-9D62-E382089E4BD8}.Debug|iPhoneSimulator.ActiveCfg = Debug|Any CPU
		{05283C7A-1A22-4E09-9D62-E382089E4BD8}.Debug|iPhoneSimulator.Build.0 = Debug|Any CPU
		{05283C7A-1A22-4E09-9D62-E382089E4BD8}.Debug|iPhoneSimulator.Deploy.0 = Debug|Any CPU
		{05283C7A-1A22-4E09-9D62-E382089E4BD8}.Release|Any CPU.ActiveCfg = Release|Any CPU
		{05283C7A-1A22-4E09-9D62-E382089E4BD8}.Release|Any CPU.Build.0 = Release|Any CPU
		{05283C7A-1A22-4E09-9D62-E382089E4BD8}.Release|Any CPU.Deploy.0 = Release|Any CPU
		{05283C7A-1A22-4E09-9D62-E382089E4BD8}.Release|iPhone.ActiveCfg = Release|Any CPU
		{05283C7A-1A22-4E09-9D62-E382089E4BD8}.Release|iPhone.Build.0 = Release|Any CPU
		{05283C7A-1A22-4E09-9D62-E382089E4BD8}.Release|iPhone.Deploy.0 = Release|Any CPU
		{05283C7A-1A22-4E09-9D62-E382089E4BD8}.Release|iPhoneSimulator.ActiveCfg = Release|Any CPU
		{05283C7A-1A22-4E09-9D62-E382089E4BD8}.Release|iPhoneSimulator.Build.0 = Release|Any CPU
		{05283C7A-1A22-4E09-9D62-E382089E4BD8}.Release|iPhoneSimulator.Deploy.0 = Release|Any CPU
		{CF26E4B2-60F1-4A06-9168-49CC6B2BA273}.Debug|Any CPU.ActiveCfg = Debug|iPhone
		{CF26E4B2-60F1-4A06-9168-49CC6B2BA273}.Debug|Any CPU.Build.0 = Debug|iPhone
		{CF26E4B2-60F1-4A06-9168-49CC6B2BA273}.Debug|Any CPU.Deploy.0 = Debug|iPhone
		{CF26E4B2-60F1-4A06-9168-49CC6B2BA273}.Debug|iPhone.ActiveCfg = Debug|iPhone
		{CF26E4B2-60F1-4A06-9168-49CC6B2BA273}.Debug|iPhone.Build.0 = Debug|iPhone
		{CF26E4B2-60F1-4A06-9168-49CC6B2BA273}.Debug|iPhone.Deploy.0 = Debug|iPhone
		{CF26E4B2-60F1-4A06-9168-49CC6B2BA273}.Debug|iPhoneSimulator.ActiveCfg = Debug|iPhoneSimulator
		{CF26E4B2-60F1-4A06-9168-49CC6B2BA273}.Debug|iPhoneSimulator.Build.0 = Debug|iPhoneSimulator
		{CF26E4B2-60F1-4A06-9168-49CC6B2BA273}.Debug|iPhoneSimulator.Deploy.0 = Debug|iPhoneSimulator
		{CF26E4B2-60F1-4A06-9168-49CC6B2BA273}.Release|Any CPU.ActiveCfg = Release|iPhoneSimulator
		{CF26E4B2-60F1-4A06-9168-49CC6B2BA273}.Release|Any CPU.Build.0 = Release|iPhoneSimulator
		{CF26E4B2-60F1-4A06-9168-49CC6B2BA273}.Release|Any CPU.Deploy.0 = Release|iPhoneSimulator
		{CF26E4B2-60F1-4A06-9168-49CC6B2BA273}.Release|iPhone.ActiveCfg = Release|iPhone
		{CF26E4B2-60F1-4A06-9168-49CC6B2BA273}.Release|iPhone.Build.0 = Release|iPhone
		{CF26E4B2-60F1-4A06-9168-49CC6B2BA273}.Release|iPhone.Deploy.0 = Release|iPhone
		{CF26E4B2-60F1-4A06-9168-49CC6B2BA273}.Release|iPhoneSimulator.ActiveCfg = Release|iPhoneSimulator
		{CF26E4B2-60F1-4A06-9168-49CC6B2BA273}.Release|iPhoneSimulator.Build.0 = Release|iPhoneSimulator
		{CF26E4B2-60F1-4A06-9168-49CC6B2BA273}.Release|iPhoneSimulator.Deploy.0 = Release|iPhoneSimulator
		{61C03159-F55F-4456-81A1-E342D99B9AA6}.Debug|Any CPU.ActiveCfg = Debug|Any CPU
		{61C03159-F55F-4456-81A1-E342D99B9AA6}.Debug|Any CPU.Build.0 = Debug|Any CPU
		{61C03159-F55F-4456-81A1-E342D99B9AA6}.Debug|Any CPU.Deploy.0 = Debug|Any CPU
		{61C03159-F55F-4456-81A1-E342D99B9AA6}.Debug|iPhone.ActiveCfg = Debug|Any CPU
		{61C03159-F55F-4456-81A1-E342D99B9AA6}.Debug|iPhone.Build.0 = Debug|Any CPU
		{61C03159-F55F-4456-81A1-E342D99B9AA6}.Debug|iPhone.Deploy.0 = Debug|Any CPU
		{61C03159-F55F-4456-81A1-E342D99B9AA6}.Debug|iPhoneSimulator.ActiveCfg = Debug|Any CPU
		{61C03159-F55F-4456-81A1-E342D99B9AA6}.Debug|iPhoneSimulator.Build.0 = Debug|Any CPU
		{61C03159-F55F-4456-81A1-E342D99B9AA6}.Debug|iPhoneSimulator.Deploy.0 = Debug|Any CPU
		{61C03159-F55F-4456-81A1-E342D99B9AA6}.Release|Any CPU.ActiveCfg = Release|Any CPU
		{61C03159-F55F-4456-81A1-E342D99B9AA6}.Release|Any CPU.Build.0 = Release|Any CPU
		{61C03159-F55F-4456-81A1-E342D99B9AA6}.Release|Any CPU.Deploy.0 = Release|Any CPU
		{61C03159-F55F-4456-81A1-E342D99B9AA6}.Release|iPhone.ActiveCfg = Release|Any CPU
		{61C03159-F55F-4456-81A1-E342D99B9AA6}.Release|iPhone.Build.0 = Release|Any CPU
		{61C03159-F55F-4456-81A1-E342D99B9AA6}.Release|iPhone.Deploy.0 = Release|Any CPU
		{61C03159-F55F-4456-81A1-E342D99B9AA6}.Release|iPhoneSimulator.ActiveCfg = Release|Any CPU
		{61C03159-F55F-4456-81A1-E342D99B9AA6}.Release|iPhoneSimulator.Build.0 = Release|Any CPU
		{61C03159-F55F-4456-81A1-E342D99B9AA6}.Release|iPhoneSimulator.Deploy.0 = Release|Any CPU
	EndGlobalSection
	GlobalSection(SolutionProperties) = preSolution
		HideSolutionNode = FALSE
	EndGlobalSection
	GlobalSection(ExtensibilityGlobals) = postSolution
		SolutionGuid = {CCD13A7B-931E-463D-829D-5DCEC74FB8FB}
	EndGlobalSection
EndGlobal
